// !$*UTF8*$!
{
	archiveVersion = 1;
	classes = {
	};
	objectVersion = 56;
	objects = {

/* Begin PBXBuildFile section */
		3D6B3D9C29E89F900029FE05 /* CustomCorners.swift in Sources */ = {isa = PBXBuildFile; fileRef = 3D6B3D9B29E89F900029FE05 /* CustomCorners.swift */; };
		3D916C5E29E88B930067F142 /* APPUIApp.swift in Sources */ = {isa = PBXBuildFile; fileRef = 3D916C5D29E88B930067F142 /* APPUIApp.swift */; };
		3D916C6029E88B930067F142 /* ContentView.swift in Sources */ = {isa = PBXBuildFile; fileRef = 3D916C5F29E88B930067F142 /* ContentView.swift */; };
		3D916C6229E88B940067F142 /* Assets.xcassets in Resources */ = {isa = PBXBuildFile; fileRef = 3D916C6129E88B940067F142 /* Assets.xcassets */; };
		3D916C6529E88B940067F142 /* Preview Assets.xcassets in Resources */ = {isa = PBXBuildFile; fileRef = 3D916C6429E88B940067F142 /* Preview Assets.xcassets */; };
		3D916C6F29E88B940067F142 /* APPUITests.swift in Sources */ = {isa = PBXBuildFile; fileRef = 3D916C6E29E88B940067F142 /* APPUITests.swift */; };
		3D916C7929E88B940067F142 /* APPUIUITests.swift in Sources */ = {isa = PBXBuildFile; fileRef = 3D916C7829E88B940067F142 /* APPUIUITests.swift */; };
		3D916C7B29E88B940067F142 /* APPUIUITestsLaunchTests.swift in Sources */ = {isa = PBXBuildFile; fileRef = 3D916C7A29E88B940067F142 /* APPUIUITestsLaunchTests.swift */; };
		3D916C8929E88CC80067F142 /* MainView.swift in Sources */ = {isa = PBXBuildFile; fileRef = 3D916C8829E88CC80067F142 /* MainView.swift */; };
		3D916C8B29E895A40067F142 /* TabButton.swift in Sources */ = {isa = PBXBuildFile; fileRef = 3D916C8A29E895A40067F142 /* TabButton.swift */; };
		3D98E07A29E9B24E00D4B95F /* SideMenu.swift in Sources */ = {isa = PBXBuildFile; fileRef = 3D98E07929E9B24D00D4B95F /* SideMenu.swift */; };
		3D98E07C29E9B63600D4B95F /* Menu.swift in Sources */ = {isa = PBXBuildFile; fileRef = 3D98E07B29E9B63600D4B95F /* Menu.swift */; };
		DF786C212AD9980800262A3D /* VideoFile.swift in Sources */ = {isa = PBXBuildFile; fileRef = DF786C202AD9980800262A3D /* VideoFile.swift */; };
		DF786C232AD9DF3E00262A3D /* ChatView.swift in Sources */ = {isa = PBXBuildFile; fileRef = DF786C222AD9DF3E00262A3D /* ChatView.swift */; };
		DF786C252AD9E50200262A3D /* Estimulation.swift in Sources */ = {isa = PBXBuildFile; fileRef = DF786C242AD9E50200262A3D /* Estimulation.swift */; };
/* End PBXBuildFile section */

/* Begin PBXContainerItemProxy section */
		3D916C6B29E88B940067F142 /* PBXContainerItemProxy */ = {
			isa = PBXContainerItemProxy;
			containerPortal = 3D916C5229E88B930067F142 /* Project object */;
			proxyType = 1;
			remoteGlobalIDString = 3D916C5929E88B930067F142;
			remoteInfo = APPUI;
		};
		3D916C7529E88B940067F142 /* PBXContainerItemProxy */ = {
			isa = PBXContainerItemProxy;
			containerPortal = 3D916C5229E88B930067F142 /* Project object */;
			proxyType = 1;
			remoteGlobalIDString = 3D916C5929E88B930067F142;
			remoteInfo = APPUI;
		};
/* End PBXContainerItemProxy section */

/* Begin PBXFileReference section */
		3D6B3D9B29E89F900029FE05 /* CustomCorners.swift */ = {isa = PBXFileReference; lastKnownFileType = sourcecode.swift; path = CustomCorners.swift; sourceTree = "<group>"; };
		3D916C5A29E88B930067F142 /* APPUI.app */ = {isa = PBXFileReference; explicitFileType = wrapper.application; includeInIndex = 0; path = APPUI.app; sourceTree = BUILT_PRODUCTS_DIR; };
		3D916C5D29E88B930067F142 /* APPUIApp.swift */ = {isa = PBXFileReference; lastKnownFileType = sourcecode.swift; path = APPUIApp.swift; sourceTree = "<group>"; };
		3D916C5F29E88B930067F142 /* ContentView.swift */ = {isa = PBXFileReference; lastKnownFileType = sourcecode.swift; path = ContentView.swift; sourceTree = "<group>"; };
		3D916C6129E88B940067F142 /* Assets.xcassets */ = {isa = PBXFileReference; lastKnownFileType = folder.assetcatalog; path = Assets.xcassets; sourceTree = "<group>"; };
		3D916C6429E88B940067F142 /* Preview Assets.xcassets */ = {isa = PBXFileReference; lastKnownFileType = folder.assetcatalog; path = "Preview Assets.xcassets"; sourceTree = "<group>"; };
		3D916C6A29E88B940067F142 /* APPUITests.xctest */ = {isa = PBXFileReference; explicitFileType = wrapper.cfbundle; includeInIndex = 0; path = APPUITests.xctest; sourceTree = BUILT_PRODUCTS_DIR; };
		3D916C6E29E88B940067F142 /* APPUITests.swift */ = {isa = PBXFileReference; lastKnownFileType = sourcecode.swift; path = APPUITests.swift; sourceTree = "<group>"; };
		3D916C7429E88B940067F142 /* APPUIUITests.xctest */ = {isa = PBXFileReference; explicitFileType = wrapper.cfbundle; includeInIndex = 0; path = APPUIUITests.xctest; sourceTree = BUILT_PRODUCTS_DIR; };
		3D916C7829E88B940067F142 /* APPUIUITests.swift */ = {isa = PBXFileReference; lastKnownFileType = sourcecode.swift; path = APPUIUITests.swift; sourceTree = "<group>"; };
		3D916C7A29E88B940067F142 /* APPUIUITestsLaunchTests.swift */ = {isa = PBXFileReference; lastKnownFileType = sourcecode.swift; path = APPUIUITestsLaunchTests.swift; sourceTree = "<group>"; };
		3D916C8829E88CC80067F142 /* MainView.swift */ = {isa = PBXFileReference; lastKnownFileType = sourcecode.swift; path = MainView.swift; sourceTree = "<group>"; usesTabs = 0; };
		3D916C8A29E895A40067F142 /* TabButton.swift */ = {isa = PBXFileReference; lastKnownFileType = sourcecode.swift; path = TabButton.swift; sourceTree = "<group>"; };
		3D98E07929E9B24D00D4B95F /* SideMenu.swift */ = {isa = PBXFileReference; lastKnownFileType = sourcecode.swift; path = SideMenu.swift; sourceTree = "<group>"; };
		3D98E07B29E9B63600D4B95F /* Menu.swift */ = {isa = PBXFileReference; lastKnownFileType = sourcecode.swift; path = Menu.swift; sourceTree = "<group>"; };
		DF786C202AD9980800262A3D /* VideoFile.swift */ = {isa = PBXFileReference; lastKnownFileType = sourcecode.swift; path = VideoFile.swift; sourceTree = "<group>"; };
		DF786C222AD9DF3E00262A3D /* ChatView.swift */ = {isa = PBXFileReference; lastKnownFileType = sourcecode.swift; path = ChatView.swift; sourceTree = "<group>"; };
		DF786C242AD9E50200262A3D /* Estimulation.swift */ = {isa = PBXFileReference; lastKnownFileType = sourcecode.swift; path = Estimulation.swift; sourceTree = "<group>"; };
/* End PBXFileReference section */

/* Begin PBXFrameworksBuildPhase section */
		3D916C5729E88B930067F142 /* Frameworks */ = {
			isa = PBXFrameworksBuildPhase;
			buildActionMask = 2147483647;
			files = (
			);
			runOnlyForDeploymentPostprocessing = 0;
		};
		3D916C6729E88B940067F142 /* Frameworks */ = {
			isa = PBXFrameworksBuildPhase;
			buildActionMask = 2147483647;
			files = (
			);
			runOnlyForDeploymentPostprocessing = 0;
		};
		3D916C7129E88B940067F142 /* Frameworks */ = {
			isa = PBXFrameworksBuildPhase;
			buildActionMask = 2147483647;
			files = (
			);
			runOnlyForDeploymentPostprocessing = 0;
		};
/* End PBXFrameworksBuildPhase section */

/* Begin PBXGroup section */
		3D916C5129E88B930067F142 = {
			isa = PBXGroup;
			children = (
				3D916C5C29E88B930067F142 /* APPUI */,
				3D916C6D29E88B940067F142 /* APPUITests */,
				3D916C7729E88B940067F142 /* APPUIUITests */,
				3D916C5B29E88B930067F142 /* Products */,
			);
			sourceTree = "<group>";
		};
		3D916C5B29E88B930067F142 /* Products */ = {
			isa = PBXGroup;
			children = (
				3D916C5A29E88B930067F142 /* APPUI.app */,
				3D916C6A29E88B940067F142 /* APPUITests.xctest */,
				3D916C7429E88B940067F142 /* APPUIUITests.xctest */,
			);
			name = Products;
			sourceTree = "<group>";
		};
		3D916C5C29E88B930067F142 /* APPUI */ = {
			isa = PBXGroup;
			children = (
				DFDB21B12AD996E500A46AC0 /* Views */,
				3D916C8729E88C130067F142 /* View */,
				3D916C5D29E88B930067F142 /* APPUIApp.swift */,
				3D916C5F29E88B930067F142 /* ContentView.swift */,
				3D916C6129E88B940067F142 /* Assets.xcassets */,
				3D916C6329E88B940067F142 /* Preview Content */,
			);
			path = APPUI;
			sourceTree = "<group>";
		};
		3D916C6329E88B940067F142 /* Preview Content */ = {
			isa = PBXGroup;
			children = (
				3D916C6429E88B940067F142 /* Preview Assets.xcassets */,
			);
			path = "Preview Content";
			sourceTree = "<group>";
		};
		3D916C6D29E88B940067F142 /* APPUITests */ = {
			isa = PBXGroup;
			children = (
				3D916C6E29E88B940067F142 /* APPUITests.swift */,
			);
			path = APPUITests;
			sourceTree = "<group>";
		};
		3D916C7729E88B940067F142 /* APPUIUITests */ = {
			isa = PBXGroup;
			children = (
				3D916C7829E88B940067F142 /* APPUIUITests.swift */,
				3D916C7A29E88B940067F142 /* APPUIUITestsLaunchTests.swift */,
			);
			path = APPUIUITests;
			sourceTree = "<group>";
		};
		3D916C8729E88C130067F142 /* View */ = {
			isa = PBXGroup;
			children = (
				3D916C8829E88CC80067F142 /* MainView.swift */,
				3D916C8A29E895A40067F142 /* TabButton.swift */,
				3D6B3D9B29E89F900029FE05 /* CustomCorners.swift */,
				3D98E07929E9B24D00D4B95F /* SideMenu.swift */,
				3D98E07B29E9B63600D4B95F /* Menu.swift */,
			);
			path = View;
			sourceTree = "<group>";
		};
		DFDB21B12AD996E500A46AC0 /* Views */ = {
			isa = PBXGroup;
			children = (
				DF786C202AD9980800262A3D /* VideoFile.swift */,
				DF786C222AD9DF3E00262A3D /* ChatView.swift */,
				DF786C242AD9E50200262A3D /* Estimulation.swift */,
			);
			path = Views;
			sourceTree = "<group>";
		};
/* End PBXGroup section */

/* Begin PBXNativeTarget section */
		3D916C5929E88B930067F142 /* APPUI */ = {
			isa = PBXNativeTarget;
			buildConfigurationList = 3D916C7E29E88B940067F142 /* Build configuration list for PBXNativeTarget "APPUI" */;
			buildPhases = (
				3D916C5629E88B930067F142 /* Sources */,
				3D916C5729E88B930067F142 /* Frameworks */,
				3D916C5829E88B930067F142 /* Resources */,
			);
			buildRules = (
			);
			dependencies = (
			);
			name = APPUI;
			productName = APPUI;
			productReference = 3D916C5A29E88B930067F142 /* APPUI.app */;
			productType = "com.apple.product-type.application";
		};
		3D916C6929E88B940067F142 /* APPUITests */ = {
			isa = PBXNativeTarget;
			buildConfigurationList = 3D916C8129E88B940067F142 /* Build configuration list for PBXNativeTarget "APPUITests" */;
			buildPhases = (
				3D916C6629E88B940067F142 /* Sources */,
				3D916C6729E88B940067F142 /* Frameworks */,
				3D916C6829E88B940067F142 /* Resources */,
			);
			buildRules = (
			);
			dependencies = (
				3D916C6C29E88B940067F142 /* PBXTargetDependency */,
			);
			name = APPUITests;
			productName = APPUITests;
			productReference = 3D916C6A29E88B940067F142 /* APPUITests.xctest */;
			productType = "com.apple.product-type.bundle.unit-test";
		};
		3D916C7329E88B940067F142 /* APPUIUITests */ = {
			isa = PBXNativeTarget;
			buildConfigurationList = 3D916C8429E88B940067F142 /* Build configuration list for PBXNativeTarget "APPUIUITests" */;
			buildPhases = (
				3D916C7029E88B940067F142 /* Sources */,
				3D916C7129E88B940067F142 /* Frameworks */,
				3D916C7229E88B940067F142 /* Resources */,
			);
			buildRules = (
			);
			dependencies = (
				3D916C7629E88B940067F142 /* PBXTargetDependency */,
			);
			name = APPUIUITests;
			productName = APPUIUITests;
			productReference = 3D916C7429E88B940067F142 /* APPUIUITests.xctest */;
			productType = "com.apple.product-type.bundle.ui-testing";
		};
/* End PBXNativeTarget section */

/* Begin PBXProject section */
		3D916C5229E88B930067F142 /* Project object */ = {
			isa = PBXProject;
			attributes = {
				BuildIndependentTargetsInParallel = 1;
				LastSwiftUpdateCheck = 1420;
				LastUpgradeCheck = 1420;
				TargetAttributes = {
					3D916C5929E88B930067F142 = {
						CreatedOnToolsVersion = 14.2;
					};
					3D916C6929E88B940067F142 = {
						CreatedOnToolsVersion = 14.2;
						TestTargetID = 3D916C5929E88B930067F142;
					};
					3D916C7329E88B940067F142 = {
						CreatedOnToolsVersion = 14.2;
						TestTargetID = 3D916C5929E88B930067F142;
					};
				};
			};
			buildConfigurationList = 3D916C5529E88B930067F142 /* Build configuration list for PBXProject "APPUI" */;
			compatibilityVersion = "Xcode 14.0";
			developmentRegion = en;
			hasScannedForEncodings = 0;
			knownRegions = (
				en,
				Base,
			);
			mainGroup = 3D916C5129E88B930067F142;
			productRefGroup = 3D916C5B29E88B930067F142 /* Products */;
			projectDirPath = "";
			projectRoot = "";
			targets = (
				3D916C5929E88B930067F142 /* APPUI */,
				3D916C6929E88B940067F142 /* APPUITests */,
				3D916C7329E88B940067F142 /* APPUIUITests */,
			);
		};
/* End PBXProject section */

/* Begin PBXResourcesBuildPhase section */
		3D916C5829E88B930067F142 /* Resources */ = {
			isa = PBXResourcesBuildPhase;
			buildActionMask = 2147483647;
			files = (
				3D916C6529E88B940067F142 /* Preview Assets.xcassets in Resources */,
				3D916C6229E88B940067F142 /* Assets.xcassets in Resources */,
			);
			runOnlyForDeploymentPostprocessing = 0;
		};
		3D916C6829E88B940067F142 /* Resources */ = {
			isa = PBXResourcesBuildPhase;
			buildActionMask = 2147483647;
			files = (
			);
			runOnlyForDeploymentPostprocessing = 0;
		};
		3D916C7229E88B940067F142 /* Resources */ = {
			isa = PBXResourcesBuildPhase;
			buildActionMask = 2147483647;
			files = (
			);
			runOnlyForDeploymentPostprocessing = 0;
		};
/* End PBXResourcesBuildPhase section */

/* Begin PBXSourcesBuildPhase section */
		3D916C5629E88B930067F142 /* Sources */ = {
			isa = PBXSourcesBuildPhase;
			buildActionMask = 2147483647;
			files = (
				3D916C6029E88B930067F142 /* ContentView.swift in Sources */,
				DF786C212AD9980800262A3D /* VideoFile.swift in Sources */,
				3D916C8B29E895A40067F142 /* TabButton.swift in Sources */,
				3D916C8929E88CC80067F142 /* MainView.swift in Sources */,
				DF786C232AD9DF3E00262A3D /* ChatView.swift in Sources */,
				3D98E07A29E9B24E00D4B95F /* SideMenu.swift in Sources */,
				3D916C5E29E88B930067F142 /* APPUIApp.swift in Sources */,
				DF786C252AD9E50200262A3D /* Estimulation.swift in Sources */,
				3D6B3D9C29E89F900029FE05 /* CustomCorners.swift in Sources */,
				3D98E07C29E9B63600D4B95F /* Menu.swift in Sources */,
			);
			runOnlyForDeploymentPostprocessing = 0;
		};
		3D916C6629E88B940067F142 /* Sources */ = {
			isa = PBXSourcesBuildPhase;
			buildActionMask = 2147483647;
			files = (
				3D916C6F29E88B940067F142 /* APPUITests.swift in Sources */,
			);
			runOnlyForDeploymentPostprocessing = 0;
		};
		3D916C7029E88B940067F142 /* Sources */ = {
			isa = PBXSourcesBuildPhase;
			buildActionMask = 2147483647;
			files = (
				3D916C7B29E88B940067F142 /* APPUIUITestsLaunchTests.swift in Sources */,
				3D916C7929E88B940067F142 /* APPUIUITests.swift in Sources */,
			);
			runOnlyForDeploymentPostprocessing = 0;
		};
/* End PBXSourcesBuildPhase section */

/* Begin PBXTargetDependency section */
		3D916C6C29E88B940067F142 /* PBXTargetDependency */ = {
			isa = PBXTargetDependency;
			target = 3D916C5929E88B930067F142 /* APPUI */;
			targetProxy = 3D916C6B29E88B940067F142 /* PBXContainerItemProxy */;
		};
		3D916C7629E88B940067F142 /* PBXTargetDependency */ = {
			isa = PBXTargetDependency;
			target = 3D916C5929E88B930067F142 /* APPUI */;
			targetProxy = 3D916C7529E88B940067F142 /* PBXContainerItemProxy */;
		};
/* End PBXTargetDependency section */

/* Begin XCBuildConfiguration section */
		3D916C7C29E88B940067F142 /* Debug */ = {
			isa = XCBuildConfiguration;
			buildSettings = {
				ALWAYS_SEARCH_USER_PATHS = NO;
				CLANG_ANALYZER_NONNULL = YES;
				CLANG_ANALYZER_NUMBER_OBJECT_CONVERSION = YES_AGGRESSIVE;
				CLANG_CXX_LANGUAGE_STANDARD = "gnu++20";
				CLANG_ENABLE_MODULES = YES;
				CLANG_ENABLE_OBJC_ARC = YES;
				CLANG_ENABLE_OBJC_WEAK = YES;
				CLANG_WARN_BLOCK_CAPTURE_AUTORELEASING = YES;
				CLANG_WARN_BOOL_CONVERSION = YES;
				CLANG_WARN_COMMA = YES;
				CLANG_WARN_CONSTANT_CONVERSION = YES;
				CLANG_WARN_DEPRECATED_OBJC_IMPLEMENTATIONS = YES;
				CLANG_WARN_DIRECT_OBJC_ISA_USAGE = YES_ERROR;
				CLANG_WARN_DOCUMENTATION_COMMENTS = YES;
				CLANG_WARN_EMPTY_BODY = YES;
				CLANG_WARN_ENUM_CONVERSION = YES;
				CLANG_WARN_INFINITE_RECURSION = YES;
				CLANG_WARN_INT_CONVERSION = YES;
				CLANG_WARN_NON_LITERAL_NULL_CONVERSION = YES;
				CLANG_WARN_OBJC_IMPLICIT_RETAIN_SELF = YES;
				CLANG_WARN_OBJC_LITERAL_CONVERSION = YES;
				CLANG_WARN_OBJC_ROOT_CLASS = YES_ERROR;
				CLANG_WARN_QUOTED_INCLUDE_IN_FRAMEWORK_HEADER = YES;
				CLANG_WARN_RANGE_LOOP_ANALYSIS = YES;
				CLANG_WARN_STRICT_PROTOTYPES = YES;
				CLANG_WARN_SUSPICIOUS_MOVE = YES;
				CLANG_WARN_UNGUARDED_AVAILABILITY = YES_AGGRESSIVE;
				CLANG_WARN_UNREACHABLE_CODE = YES;
				CLANG_WARN__DUPLICATE_METHOD_MATCH = YES;
				COPY_PHASE_STRIP = NO;
				DEBUG_INFORMATION_FORMAT = dwarf;
				ENABLE_STRICT_OBJC_MSGSEND = YES;
				ENABLE_TESTABILITY = YES;
				GCC_C_LANGUAGE_STANDARD = gnu11;
				GCC_DYNAMIC_NO_PIC = NO;
				GCC_NO_COMMON_BLOCKS = YES;
				GCC_OPTIMIZATION_LEVEL = 0;
				GCC_PREPROCESSOR_DEFINITIONS = (
					"DEBUG=1",
					"$(inherited)",
				);
				GCC_WARN_64_TO_32_BIT_CONVERSION = YES;
				GCC_WARN_ABOUT_RETURN_TYPE = YES_ERROR;
				GCC_WARN_UNDECLARED_SELECTOR = YES;
				GCC_WARN_UNINITIALIZED_AUTOS = YES_AGGRESSIVE;
				GCC_WARN_UNUSED_FUNCTION = YES;
				GCC_WARN_UNUSED_VARIABLE = YES;
				IPHONEOS_DEPLOYMENT_TARGET = 16.2;
				MTL_ENABLE_DEBUG_INFO = INCLUDE_SOURCE;
				MTL_FAST_MATH = YES;
				ONLY_ACTIVE_ARCH = YES;
				SDKROOT = iphoneos;
				SWIFT_ACTIVE_COMPILATION_CONDITIONS = DEBUG;
				SWIFT_OPTIMIZATION_LEVEL = "-Onone";
			};
			name = Debug;
		};
		3D916C7D29E88B940067F142 /* Release */ = {
			isa = XCBuildConfiguration;
			buildSettings = {
				ALWAYS_SEARCH_USER_PATHS = NO;
				CLANG_ANALYZER_NONNULL = YES;
				CLANG_ANALYZER_NUMBER_OBJECT_CONVERSION = YES_AGGRESSIVE;
				CLANG_CXX_LANGUAGE_STANDARD = "gnu++20";
				CLANG_ENABLE_MODULES = YES;
				CLANG_ENABLE_OBJC_ARC = YES;
				CLANG_ENABLE_OBJC_WEAK = YES;
				CLANG_WARN_BLOCK_CAPTURE_AUTORELEASING = YES;
				CLANG_WARN_BOOL_CONVERSION = YES;
				CLANG_WARN_COMMA = YES;
				CLANG_WARN_CONSTANT_CONVERSION = YES;
				CLANG_WARN_DEPRECATED_OBJC_IMPLEMENTATIONS = YES;
				CLANG_WARN_DIRECT_OBJC_ISA_USAGE = YES_ERROR;
				CLANG_WARN_DOCUMENTATION_COMMENTS = YES;
				CLANG_WARN_EMPTY_BODY = YES;
				CLANG_WARN_ENUM_CONVERSION = YES;
				CLANG_WARN_INFINITE_RECURSION = YES;
				CLANG_WARN_INT_CONVERSION = YES;
				CLANG_WARN_NON_LITERAL_NULL_CONVERSION = YES;
				CLANG_WARN_OBJC_IMPLICIT_RETAIN_SELF = YES;
				CLANG_WARN_OBJC_LITERAL_CONVERSION = YES;
				CLANG_WARN_OBJC_ROOT_CLASS = YES_ERROR;
				CLANG_WARN_QUOTED_INCLUDE_IN_FRAMEWORK_HEADER = YES;
				CLANG_WARN_RANGE_LOOP_ANALYSIS = YES;
				CLANG_WARN_STRICT_PROTOTYPES = YES;
				CLANG_WARN_SUSPICIOUS_MOVE = YES;
				CLANG_WARN_UNGUARDED_AVAILABILITY = YES_AGGRESSIVE;
				CLANG_WARN_UNREACHABLE_CODE = YES;
				CLANG_WARN__DUPLICATE_METHOD_MATCH = YES;
				COPY_PHASE_STRIP = NO;
				DEBUG_INFORMATION_FORMAT = "dwarf-with-dsym";
				ENABLE_NS_ASSERTIONS = NO;
				ENABLE_STRICT_OBJC_MSGSEND = YES;
				GCC_C_LANGUAGE_STANDARD = gnu11;
				GCC_NO_COMMON_BLOCKS = YES;
				GCC_WARN_64_TO_32_BIT_CONVERSION = YES;
				GCC_WARN_ABOUT_RETURN_TYPE = YES_ERROR;
				GCC_WARN_UNDECLARED_SELECTOR = YES;
				GCC_WARN_UNINITIALIZED_AUTOS = YES_AGGRESSIVE;
				GCC_WARN_UNUSED_FUNCTION = YES;
				GCC_WARN_UNUSED_VARIABLE = YES;
				IPHONEOS_DEPLOYMENT_TARGET = 16.2;
				MTL_ENABLE_DEBUG_INFO = NO;
				MTL_FAST_MATH = YES;
				SDKROOT = iphoneos;
				SWIFT_COMPILATION_MODE = wholemodule;
				SWIFT_OPTIMIZATION_LEVEL = "-O";
				VALIDATE_PRODUCT = YES;
			};
			name = Release;
		};
		3D916C7F29E88B940067F142 /* Debug */ = {
			isa = XCBuildConfiguration;
			buildSettings = {
				ASSETCATALOG_COMPILER_APPICON_NAME = AppIcon;
				ASSETCATALOG_COMPILER_GLOBAL_ACCENT_COLOR_NAME = AccentColor;
				CODE_SIGN_STYLE = Automatic;
				CURRENT_PROJECT_VERSION = 1;
				DEVELOPMENT_ASSET_PATHS = "\"APPUI/Preview Content\"";
				ENABLE_PREVIEWS = YES;
				GENERATE_INFOPLIST_FILE = YES;
				INFOPLIST_KEY_UIApplicationSceneManifest_Generation = YES;
				INFOPLIST_KEY_UIApplicationSupportsIndirectInputEvents = YES;
				INFOPLIST_KEY_UILaunchScreen_Generation = YES;
				INFOPLIST_KEY_UISupportedInterfaceOrientations_iPad = "UIInterfaceOrientationPortrait UIInterfaceOrientationPortraitUpsideDown UIInterfaceOrientationLandscapeLeft UIInterfaceOrientationLandscapeRight";
				INFOPLIST_KEY_UISupportedInterfaceOrientations_iPhone = "UIInterfaceOrientationPortrait UIInterfaceOrientationLandscapeLeft UIInterfaceOrientationLandscapeRight";
				LD_RUNPATH_SEARCH_PATHS = (
					"$(inherited)",
					"@executable_path/Frameworks",
				);
				MARKETING_VERSION = 1.0;
				PRODUCT_BUNDLE_IDENTIFIER = unam.APPUI;
				PRODUCT_NAME = "$(TARGET_NAME)";
				SWIFT_EMIT_LOC_STRINGS = YES;
				SWIFT_VERSION = 5.0;
				TARGETED_DEVICE_FAMILY = "1,2";
			};
			name = Debug;
		};
		3D916C8029E88B940067F142 /* Release */ = {
			isa = XCBuildConfiguration;
			buildSettings = {
				ASSETCATALOG_COMPILER_APPICON_NAME = AppIcon;
				ASSETCATALOG_COMPILER_GLOBAL_ACCENT_COLOR_NAME = AccentColor;
				CODE_SIGN_STYLE = Automatic;
				CURRENT_PROJECT_VERSION = 1;
				DEVELOPMENT_ASSET_PATHS = "\"APPUI/Preview Content\"";
				ENABLE_PREVIEWS = YES;
				GENERATE_INFOPLIST_FILE = YES;
				INFOPLIST_KEY_UIApplicationSceneManifest_Generation = YES;
				INFOPLIST_KEY_UIApplicationSupportsIndirectInputEvents = YES;
				INFOPLIST_KEY_UILaunchScreen_Generation = YES;
				INFOPLIST_KEY_UISupportedInterfaceOrientations_iPad = "UIInterfaceOrientationPortrait UIInterfaceOrientationPortraitUpsideDown UIInterfaceOrientationLandscapeLeft UIInterfaceOrientationLandscapeRight";
				INFOPLIST_KEY_UISupportedInterfaceOrientations_iPhone = "UIInterfaceOrientationPortrait UIInterfaceOrientationLandscapeLeft UIInterfaceOrientationLandscapeRight";
				LD_RUNPATH_SEARCH_PATHS = (
					"$(inherited)",
					"@executable_path/Frameworks",
				);
				MARKETING_VERSION = 1.0;
				PRODUCT_BUNDLE_IDENTIFIER = unam.APPUI;
				PRODUCT_NAME = "$(TARGET_NAME)";
				SWIFT_EMIT_LOC_STRINGS = YES;
				SWIFT_VERSION = 5.0;
				TARGETED_DEVICE_FAMILY = "1,2";
			};
			name = Release;
		};
		3D916C8229E88B940067F142 /* Debug */ = {
			isa = XCBuildConfiguration;
			buildSettings = {
				ALWAYS_EMBED_SWIFT_STANDARD_LIBRARIES = YES;
				BUNDLE_LOADER = "$(TEST_HOST)";
				CODE_SIGN_STYLE = Automatic;
				CURRENT_PROJECT_VERSION = 1;
				GENERATE_INFOPLIST_FILE = YES;
				IPHONEOS_DEPLOYMENT_TARGET = 16.2;
				MARKETING_VERSION = 1.0;
				PRODUCT_BUNDLE_IDENTIFIER = unam.APPUITests;
				PRODUCT_NAME = "$(TARGET_NAME)";
				SWIFT_EMIT_LOC_STRINGS = NO;
				SWIFT_VERSION = 5.0;
				TARGETED_DEVICE_FAMILY = "1,2";
				TEST_HOST = "$(BUILT_PRODUCTS_DIR)/APPUI.app/$(BUNDLE_EXECUTABLE_FOLDER_PATH)/APPUI";
			};
			name = Debug;
		};
		3D916C8329E88B940067F142 /* Release */ = {
			isa = XCBuildConfiguration;
			buildSettings = {
				ALWAYS_EMBED_SWIFT_STANDARD_LIBRARIES = YES;
				BUNDLE_LOADER = "$(TEST_HOST)";
				CODE_SIGN_STYLE = Automatic;
				CURRENT_PROJECT_VERSION = 1;
				GENERATE_INFOPLIST_FILE = YES;
				IPHONEOS_DEPLOYMENT_TARGET = 16.2;
				MARKETING_VERSION = 1.0;
				PRODUCT_BUNDLE_IDENTIFIER = unam.APPUITests;
				PRODUCT_NAME = "$(TARGET_NAME)";
				SWIFT_EMIT_LOC_STRINGS = NO;
				SWIFT_VERSION = 5.0;
				TARGETED_DEVICE_FAMILY = "1,2";
				TEST_HOST = "$(BUILT_PRODUCTS_DIR)/APPUI.app/$(BUNDLE_EXECUTABLE_FOLDER_PATH)/APPUI";
			};
			name = Release;
		};
		3D916C8529E88B940067F142 /* Debug */ = {
			isa = XCBuildConfiguration;
			buildSettings = {
				ALWAYS_EMBED_SWIFT_STANDARD_LIBRARIES = YES;
				CODE_SIGN_STYLE = Automatic;
				CURRENT_PROJECT_VERSION = 1;
				GENERATE_INFOPLIST_FILE = YES;
				MARKETING_VERSION = 1.0;
				PRODUCT_BUNDLE_IDENTIFIER = unam.APPUIUITests;
				PRODUCT_NAME = "$(TARGET_NAME)";
				SWIFT_EMIT_LOC_STRINGS = NO;
				SWIFT_VERSION = 5.0;
				TARGETED_DEVICE_FAMILY = "1,2";
				TEST_TARGET_NAME = APPUI;
			};
			name = Debug;
		};
		3D916C8629E88B940067F142 /* Release */ = {
			isa = XCBuildConfiguration;
			buildSettings = {
				ALWAYS_EMBED_SWIFT_STANDARD_LIBRARIES = YES;
				CODE_SIGN_STYLE = Automatic;
				CURRENT_PROJECT_VERSION = 1;
				GENERATE_INFOPLIST_FILE = YES;
				MARKETING_VERSION = 1.0;
				PRODUCT_BUNDLE_IDENTIFIER = unam.APPUIUITests;
				PRODUCT_NAME = "$(TARGET_NAME)";
				SWIFT_EMIT_LOC_STRINGS = NO;
				SWIFT_VERSION = 5.0;
				TARGETED_DEVICE_FAMILY = "1,2";
				TEST_TARGET_NAME = APPUI;
			};
			name = Release;
		};
/* End XCBuildConfiguration section */

/* Begin XCConfigurationList section */
		3D916C5529E88B930067F142 /* Build configuration list for PBXProject "APPUI" */ = {
			isa = XCConfigurationList;
			buildConfigurations = (
				3D916C7C29E88B940067F142 /* Debug */,
				3D916C7D29E88B940067F142 /* Release */,
			);
			defaultConfigurationIsVisible = 0;
			defaultConfigurationName = Release;
		};
		3D916C7E29E88B940067F142 /* Build configuration list for PBXNativeTarget "APPUI" */ = {
			isa = XCConfigurationList;
			buildConfigurations = (
				3D916C7F29E88B940067F142 /* Debug */,
				3D916C8029E88B940067F142 /* Release */,
			);
			defaultConfigurationIsVisible = 0;
			defaultConfigurationName = Release;
		};
		3D916C8129E88B940067F142 /* Build configuration list for PBXNativeTarget "APPUITests" */ = {
			isa = XCConfigurationList;
			buildConfigurations = (
				3D916C8229E88B940067F142 /* Debug */,
				3D916C8329E88B940067F142 /* Release */,
			);
			defaultConfigurationIsVisible = 0;
			defaultConfigurationName = Release;
		};
		3D916C8429E88B940067F142 /* Build configuration list for PBXNativeTarget "APPUIUITests" */ = {
			isa = XCConfigurationList;
			buildConfigurations = (
				3D916C8529E88B940067F142 /* Debug */,
				3D916C8629E88B940067F142 /* Release */,
			);
			defaultConfigurationIsVisible = 0;
			defaultConfigurationName = Release;
		};
/* End XCConfigurationList section */
	};
	rootObject = 3D916C5229E88B930067F142 /* Project object */;
}
